
Microsoft Visual Studio Solution File, Format Version 12.00
# Visual Studio Version 17
VisualStudioVersion = 17.0.31919.166
MinimumVisualStudioVersion = 10.0.40219.1
Project("{FAE04EC0-301F-11D3-BF4B-00C04F79EFBC}") = "First App.Android", "First App.Android\First App.Android.csproj", "{4D7A89B5-EB90-477A-935F-37A2940D62F6}"
EndProject
Project("{FAE04EC0-301F-11D3-BF4B-00C04F79EFBC}") = "First App", "First App\First App.csproj", "{13C5E98A-72B0-4D70-B29D-223DFCEAB47B}"
EndProject
Global
	GlobalSection(SolutionConfigurationPlatforms) = preSolution
		Debug|Any CPU = Debug|Any CPU
		Release|Any CPU = Release|Any CPU
	EndGlobalSection
	GlobalSection(ProjectConfigurationPlatforms) = postSolution
		{4D7A89B5-EB90-477A-935F-37A2940D62F6}.Debug|Any CPU.ActiveCfg = Debug|Any CPU
		{4D7A89B5-EB90-477A-935F-37A2940D62F6}.Debug|Any CPU.Build.0 = Debug|Any CPU
		{4D7A89B5-EB90-477A-935F-37A2940D62F6}.Debug|Any CPU.Deploy.0 = Debug|Any CPU
		{4D7A89B5-EB90-477A-935F-37A2940D62F6}.Release|Any CPU.ActiveCfg = Release|Any CPU
		{4D7A89B5-EB90-477A-935F-37A2940D62F6}.Release|Any CPU.Build.0 = Release|Any CPU
		{4D7A89B5-EB90-477A-935F-37A2940D62F6}.Release|Any CPU.Deploy.0 = Release|Any CPU
		{13C5E98A-72B0-4D70-B29D-223DFCEAB47B}.Debug|Any CPU.ActiveCfg = Debug|Any CPU
		{13C5E98A-72B0-4D70-B29D-223DFCEAB47B}.Debug|Any CPU.Build.0 = Debug|Any CPU
		{13C5E98A-72B0-4D70-B29D-223DFCEAB47B}.Debug|Any CPU.Deploy.0 = Debug|Any CPU
		{13C5E98A-72B0-4D70-B29D-223DFCEAB47B}.Release|Any CPU.ActiveCfg = Release|Any CPU
		{13C5E98A-72B0-4D70-B29D-223DFCEAB47B}.Release|Any CPU.Build.0 = Release|Any CPU
		{13C5E98A-72B0-4D70-B29D-223DFCEAB47B}.Release|Any CPU.Deploy.0 = Release|Any CPU
	EndGlobalSection
	GlobalSection(SolutionProperties) = preSolution
		HideSolutionNode = FALSE
	EndGlobalSection
	GlobalSection(ExtensibilityGlobals) = postSolution
		SolutionGuid = {44AA3B78-0D65-4FA3-A405-7F01DE290936}
	EndGlobalSection
EndGlobal
